
Microsoft Visual Studio Solution File, Format Version 12.00
# Visual Studio 2013
VisualStudioVersion = 12.0.21005.1
MinimumVisualStudioVersion = 10.0.40219.1
Project("{FAE04EC0-301F-11D3-BF4B-00C04F79EFBC}") = "Honeypot.RequestLogger", "Honeypot.RequestLogger\Honeypot.RequestLogger.csproj", "{E523FD22-21ED-4100-8AA1-4CF289046892}"
EndProject
Project("{FAE04EC0-301F-11D3-BF4B-00C04F79EFBC}") = "Honeypot.RequestFilter", "Honeypot.RequestFilter\Honeypot.RequestFilter.csproj", "{69F04CAB-354A-40BB-83A2-45476DFDA117}"
EndProject
Project("{FAE04EC0-301F-11D3-BF4B-00C04F79EFBC}") = "Honeypot.DemoApp", "Honeypot.DemoApp\Honeypot.DemoApp.csproj", "{0158529C-F3BC-42D9-8764-0A488836A94C}"
EndProject
Project("{FAE04EC0-301F-11D3-BF4B-00C04F79EFBC}") = "Honeypot.AdminApp", "Honeypot.AdminApp\Honeypot.AdminApp.csproj", "{7ECFD88D-BAF6-440A-B674-A24DD796D59B}"
EndProject
Global
	GlobalSection(SolutionConfigurationPlatforms) = preSolution
		Debug|Any CPU = Debug|Any CPU
		Release|Any CPU = Release|Any CPU
	EndGlobalSection
	GlobalSection(ProjectConfigurationPlatforms) = postSolution
		{E523FD22-21ED-4100-8AA1-4CF289046892}.Debug|Any CPU.ActiveCfg = Debug|Any CPU
		{E523FD22-21ED-4100-8AA1-4CF289046892}.Debug|Any CPU.Build.0 = Debug|Any CPU
		{E523FD22-21ED-4100-8AA1-4CF289046892}.Release|Any CPU.ActiveCfg = Release|Any CPU
		{E523FD22-21ED-4100-8AA1-4CF289046892}.Release|Any CPU.Build.0 = Release|Any CPU
		{69F04CAB-354A-40BB-83A2-45476DFDA117}.Debug|Any CPU.ActiveCfg = Debug|Any CPU
		{69F04CAB-354A-40BB-83A2-45476DFDA117}.Debug|Any CPU.Build.0 = Debug|Any CPU
		{69F04CAB-354A-40BB-83A2-45476DFDA117}.Release|Any CPU.ActiveCfg = Release|Any CPU
		{69F04CAB-354A-40BB-83A2-45476DFDA117}.Release|Any CPU.Build.0 = Release|Any CPU
		{0158529C-F3BC-42D9-8764-0A488836A94C}.Debug|Any CPU.ActiveCfg = Debug|Any CPU
		{0158529C-F3BC-42D9-8764-0A488836A94C}.Debug|Any CPU.Build.0 = Debug|Any CPU
		{0158529C-F3BC-42D9-8764-0A488836A94C}.Release|Any CPU.ActiveCfg = Release|Any CPU
		{0158529C-F3BC-42D9-8764-0A488836A94C}.Release|Any CPU.Build.0 = Release|Any CPU
		{7ECFD88D-BAF6-440A-B674-A24DD796D59B}.Debug|Any CPU.ActiveCfg = Debug|Any CPU
		{7ECFD88D-BAF6-440A-B674-A24DD796D59B}.Debug|Any CPU.Build.0 = Debug|Any CPU
		{7ECFD88D-BAF6-440A-B674-A24DD796D59B}.Release|Any CPU.ActiveCfg = Release|Any CPU
		{7ECFD88D-BAF6-440A-B674-A24DD796D59B}.Release|Any CPU.Build.0 = Release|Any CPU
	EndGlobalSection
	GlobalSection(SolutionProperties) = preSolution
		HideSolutionNode = FALSE
	EndGlobalSection
EndGlobal
